
Microsoft Visual Studio Solution File, Format Version 12.00
# Visual Studio Version 17
VisualStudioVersion = 17.9.34728.123
MinimumVisualStudioVersion = 10.0.40219.1
Project("{FAE04EC0-301F-11D3-BF4B-00C04F79EFBC}") = "SocialMediaApp", "SocialMediaApp.csproj", "{9FB7FA22-1B20-4119-9404-806F5C18D8DD}"
EndProject
Project("{FAE04EC0-301F-11D3-BF4B-00C04F79EFBC}") = "SocialMediaApp.DAL", "..\SocialMediaApp.DAL\SocialMediaApp.DAL.csproj", "{3E795861-8CD3-4AC0-B865-8F44EB9F1A65}"
EndProject
Project("{FAE04EC0-301F-11D3-BF4B-00C04F79EFBC}") = "SocialMediaAppp.BL", "..\SocialMediaAppp.BL\SocialMediaAppp.BL.csproj", "{192A2BD9-94A6-43B1-9396-C9CB96AEA8F9}"
EndProject
Global
	GlobalSection(SolutionConfigurationPlatforms) = preSolution
		Debug|Any CPU = Debug|Any CPU
		Release|Any CPU = Release|Any CPU
	EndGlobalSection
	GlobalSection(ProjectConfigurationPlatforms) = postSolution
		{9FB7FA22-1B20-4119-9404-806F5C18D8DD}.Debug|Any CPU.ActiveCfg = Debug|Any CPU
		{9FB7FA22-1B20-4119-9404-806F5C18D8DD}.Debug|Any CPU.Build.0 = Debug|Any CPU
		{9FB7FA22-1B20-4119-9404-806F5C18D8DD}.Release|Any CPU.ActiveCfg = Release|Any CPU
		{9FB7FA22-1B20-4119-9404-806F5C18D8DD}.Release|Any CPU.Build.0 = Release|Any CPU
		{3E795861-8CD3-4AC0-B865-8F44EB9F1A65}.Debug|Any CPU.ActiveCfg = Debug|Any CPU
		{3E795861-8CD3-4AC0-B865-8F44EB9F1A65}.Debug|Any CPU.Build.0 = Debug|Any CPU
		{3E795861-8CD3-4AC0-B865-8F44EB9F1A65}.Release|Any CPU.ActiveCfg = Release|Any CPU
		{3E795861-8CD3-4AC0-B865-8F44EB9F1A65}.Release|Any CPU.Build.0 = Release|Any CPU
		{192A2BD9-94A6-43B1-9396-C9CB96AEA8F9}.Debug|Any CPU.ActiveCfg = Debug|Any CPU
		{192A2BD9-94A6-43B1-9396-C9CB96AEA8F9}.Debug|Any CPU.Build.0 = Debug|Any CPU
		{192A2BD9-94A6-43B1-9396-C9CB96AEA8F9}.Release|Any CPU.ActiveCfg = Release|Any CPU
		{192A2BD9-94A6-43B1-9396-C9CB96AEA8F9}.Release|Any CPU.Build.0 = Release|Any CPU
	EndGlobalSection
	GlobalSection(SolutionProperties) = preSolution
		HideSolutionNode = FALSE
	EndGlobalSection
	GlobalSection(ExtensibilityGlobals) = postSolution
		SolutionGuid = {5002BDD2-4F78-4EA9-A307-87B575753734}
	EndGlobalSection
EndGlobal
